{
    "_readme": [
        "This file locks the dependencies of your project to a known state",
        "Read more about it at https://getcomposer.org/doc/01-basic-usage.md#installing-dependencies",
        "This file is @generated automatically"
    ],
    "content-hash": "c832e4eff60078a4e7040326a76ea615",
    "packages": [
        {
            "name": "automattic/woocommerce",
            "version": "3.0.0",
            "source": {
                "type": "git",
                "url": "https://github.com/woocommerce/wc-api-php.git",
                "reference": "a71aa95cc3de3f1d68c6303525d03c0557a96137"
            },
            "dist": {
                "type": "zip",
                "url": "https://api.github.com/repos/woocommerce/wc-api-php/zipball/a71aa95cc3de3f1d68c6303525d03c0557a96137",
                "reference": "a71aa95cc3de3f1d68c6303525d03c0557a96137",
                "shasum": ""
            },
            "require": {
                "ext-curl": "*",
                "ext-json": "*",
                "php": ">= 5.4.0"
            },
            "require-dev": {
                "phpunit/phpunit": "*",
                "squizlabs/php_codesniffer": "3.*"
            },
            "type": "library",
            "autoload": {
                "psr-4": {
                    "Automattic\\WooCommerce\\": [
                        "src/WooCommerce"
                    ]
                }
            },
            "notification-url": "https://packagist.org/downloads/",
            "license": [
                "MIT"
            ],
            "authors": [
                {
                    "name": "Claudio Sanches",
                    "email": "claudio.sanches@automattic.com"
                }
            ],
            "description": "A PHP wrapper for the WooCommerce REST API",
            "keywords": [
                "api",
                "woocommerce"
            ],
            "time": "2019-01-16T20:28:40+00:00"
        },
        {
            "name": "firebase/php-jwt",
            "version": "v5.2.0",
            "source": {
                "type": "git",
                "url": "https://github.com/firebase/php-jwt.git",
                "reference": "feb0e820b8436873675fd3aca04f3728eb2185cb"
            },
            "dist": {
                "type": "zip",
                "url": "https://api.github.com/repos/firebase/php-jwt/zipball/feb0e820b8436873675fd3aca04f3728eb2185cb",
                "reference": "feb0e820b8436873675fd3aca04f3728eb2185cb",
                "shasum": ""
            },
            "require": {
                "php": ">=5.3.0"
            },
            "require-dev": {
                "phpunit/phpunit": ">=4.8 <=9"
            },
            "type": "library",
            "autoload": {
                "psr-4": {
                    "Firebase\\JWT\\": "src"
                }
            },
            "notification-url": "https://packagist.org/downloads/",
            "license": [
                "BSD-3-Clause"
            ],
            "authors": [
                {
                    "name": "Neuman Vong",
                    "email": "neuman+pear@twilio.com",
                    "role": "Developer"
                },
                {
                    "name": "Anant Narayanan",
                    "email": "anant@php.net",
                    "role": "Developer"
                }
            ],
            "description": "A simple library to encode and decode JSON Web Tokens (JWT) in PHP. Should conform to the current spec.",
            "homepage": "https://github.com/firebase/php-jwt",
            "keywords": [
                "jwt",
                "php"
            ],
            "time": "2020-03-25T18:49:23+00:00"
        },
        {
            "name": "geokit/geokit",
            "version": "v1.3.0",
            "source": {
                "type": "git",
                "url": "https://github.com/jsor/geokit.git",
                "reference": "844c215eb4061a3ef4d9beaedf04b623ddddb08b"
            },
            "dist": {
                "type": "zip",
                "url": "https://api.github.com/repos/jsor/geokit/zipball/844c215eb4061a3ef4d9beaedf04b623ddddb08b",
                "reference": "844c215eb4061a3ef4d9beaedf04b623ddddb08b",
                "shasum": ""
            },
            "require": {
                "php": ">=5.3.3"
            },
            "type": "library",
            "extra": {
                "branch-alias": {
                    "dev-master": "1.0-dev"
                }
            },
            "autoload": {
                "psr-4": {
                    "Geokit\\": "src/"
                }
            },
            "notification-url": "https://packagist.org/downloads/",
            "license": [
                "MIT"
            ],
            "authors": [
                {
                    "name": "Jan Sorgalla",
                    "email": "jsorgalla@gmail.com",
                    "homepage": "http://sorgalla.com"
                }
            ],
            "description": "Geo-Toolkit for PHP",
            "homepage": "https://github.com/jsor/geokit",
            "keywords": [
                "geo",
                "geography",
                "geometry"
            ],
            "time": "2016-07-11T12:26:49+00:00"
        },
        {
            "name": "mjaschen/phpgeo",
            "version": "3.1.0",
            "source": {
                "type": "git",
                "url": "https://github.com/mjaschen/phpgeo.git",
                "reference": "8991ff9fc2a56f6625dca83d3409094657bb05fb"
            },
            "dist": {
                "type": "zip",
                "url": "https://api.github.com/repos/mjaschen/phpgeo/zipball/8991ff9fc2a56f6625dca83d3409094657bb05fb",
                "reference": "8991ff9fc2a56f6625dca83d3409094657bb05fb",
                "shasum": ""
            },
            "require": {
                "php": ">=7.2"
            },
            "require-dev": {
                "daux/daux.io": "^0.14.0",
                "phploc/phploc": "^5.0",
                "phpunit/phpunit": "^8.0",
                "squizlabs/php_codesniffer": "^3.5",
                "theseer/phpdox": "^0.12.0",
                "vimeo/psalm": "^3.12"
            },
            "type": "library",
            "autoload": {
                "psr-4": {
                    "Location\\": "src/"
                }
            },
            "notification-url": "https://packagist.org/downloads/",
            "license": [
                "MIT"
            ],
            "authors": [
                {
                    "name": "Marcus Jaschen",
                    "email": "mjaschen@gmail.com",
                    "homepage": "https://www.marcusjaschen.de/"
                }
            ],
            "description": "Simple Yet Powerful Geo Library",
            "homepage": "https://phpgeo.marcusjaschen.de/",
            "keywords": [
                "Polygon",
                "area",
                "bearing",
                "bounds",
                "calculation",
                "coordinate",
                "distance",
                "earth",
                "ellipsoid",
                "geo",
                "geofence",
                "gis",
                "gps",
                "haversine",
                "length",
                "perpendicular",
                "point",
                "polyline",
                "projection",
                "simplify",
                "track",
                "vincenty"
            ],
            "time": "2020-07-24T08:07:10+00:00"
        }
    ],
    "packages-dev": [],
    "aliases": [],
    "minimum-stability": "stable",
    "stability-flags": [],
    "prefer-stable": false,
    "prefer-lowest": false,
    "platform": [],
    "platform-dev": [],
    "platform-overrides": {
        "php": "7.2.25"
    },
    "plugin-api-version": "1.1.0"
}
